// !$*UTF8*$!
{
	archiveVersion = 1;
	classes = {
	};
	objectVersion = 56;
	objects = {

/* Begin PBXBuildFile section */
		166D959C28E9B0ED00FA8464 /* OnboardingTestApp.swift in Sources */ = {isa = PBXBuildFile; fileRef = 166D959B28E9B0ED00FA8464 /* OnboardingTestApp.swift */; };
		166D959E28E9B0ED00FA8464 /* ContentView.swift in Sources */ = {isa = PBXBuildFile; fileRef = 166D959D28E9B0ED00FA8464 /* ContentView.swift */; };
		166D95A028E9B0EF00FA8464 /* Assets.xcassets in Resources */ = {isa = PBXBuildFile; fileRef = 166D959F28E9B0EF00FA8464 /* Assets.xcassets */; };
		166D95A328E9B0EF00FA8464 /* Preview Assets.xcassets in Resources */ = {isa = PBXBuildFile; fileRef = 166D95A228E9B0EF00FA8464 /* Preview Assets.xcassets */; };
		166D95AE28E9CF2C00FA8464 /* Quicksand-Regular.ttf in Resources */ = {isa = PBXBuildFile; fileRef = 166D95AC28E9CF2C00FA8464 /* Quicksand-Regular.ttf */; };
		166D95AF28E9CF2C00FA8464 /* Quicksand-Bold.ttf in Resources */ = {isa = PBXBuildFile; fileRef = 166D95AD28E9CF2C00FA8464 /* Quicksand-Bold.ttf */; };
		166D95B228EAF6B300FA8464 /* Second Screen.swift in Sources */ = {isa = PBXBuildFile; fileRef = 166D95B128EAF6B300FA8464 /* Second Screen.swift */; };
		166D95B428EAFCB100FA8464 /* Third Screen.swift in Sources */ = {isa = PBXBuildFile; fileRef = 166D95B328EAFCB100FA8464 /* Third Screen.swift */; };
		167AFC8428EC5E170085D18E /* CloudAnimationExtention.swift in Sources */ = {isa = PBXBuildFile; fileRef = 167AFC8328EC5E170085D18E /* CloudAnimationExtention.swift */; };
/* End PBXBuildFile section */

/* Begin PBXFileReference section */
		166D959828E9B0ED00FA8464 /* OnboardingTest.app */ = {isa = PBXFileReference; explicitFileType = wrapper.application; includeInIndex = 0; path = OnboardingTest.app; sourceTree = BUILT_PRODUCTS_DIR; };
		166D959B28E9B0ED00FA8464 /* OnboardingTestApp.swift */ = {isa = PBXFileReference; lastKnownFileType = sourcecode.swift; path = OnboardingTestApp.swift; sourceTree = "<group>"; };
		166D959D28E9B0ED00FA8464 /* ContentView.swift */ = {isa = PBXFileReference; lastKnownFileType = sourcecode.swift; path = ContentView.swift; sourceTree = "<group>"; };
		166D959F28E9B0EF00FA8464 /* Assets.xcassets */ = {isa = PBXFileReference; lastKnownFileType = folder.assetcatalog; path = Assets.xcassets; sourceTree = "<group>"; };
		166D95A228E9B0EF00FA8464 /* Preview Assets.xcassets */ = {isa = PBXFileReference; lastKnownFileType = folder.assetcatalog; path = "Preview Assets.xcassets"; sourceTree = "<group>"; };
		166D95AC28E9CF2C00FA8464 /* Quicksand-Regular.ttf */ = {isa = PBXFileReference; lastKnownFileType = file; path = "Quicksand-Regular.ttf"; sourceTree = "<group>"; };
		166D95AD28E9CF2C00FA8464 /* Quicksand-Bold.ttf */ = {isa = PBXFileReference; lastKnownFileType = file; path = "Quicksand-Bold.ttf"; sourceTree = "<group>"; };
		166D95B128EAF6B300FA8464 /* Second Screen.swift */ = {isa = PBXFileReference; lastKnownFileType = sourcecode.swift; path = "Second Screen.swift"; sourceTree = "<group>"; };
		166D95B328EAFCB100FA8464 /* Third Screen.swift */ = {isa = PBXFileReference; lastKnownFileType = sourcecode.swift; path = "Third Screen.swift"; sourceTree = "<group>"; };
		166D95B528EB06F600FA8464 /* Quicksand-Medium.ttf */ = {isa = PBXFileReference; lastKnownFileType = file; path = "Quicksand-Medium.ttf"; sourceTree = "<group>"; };
		167AFC8328EC5E170085D18E /* CloudAnimationExtention.swift */ = {isa = PBXFileReference; lastKnownFileType = sourcecode.swift; path = CloudAnimationExtention.swift; sourceTree = "<group>"; };
/* End PBXFileReference section */

/* Begin PBXFrameworksBuildPhase section */
		166D959528E9B0ED00FA8464 /* Frameworks */ = {
			isa = PBXFrameworksBuildPhase;
			buildActionMask = 2147483647;
			files = (
			);
			runOnlyForDeploymentPostprocessing = 0;
		};
/* End PBXFrameworksBuildPhase section */

/* Begin PBXGroup section */
		166D958F28E9B0ED00FA8464 = {
			isa = PBXGroup;
			children = (
				166D95B028E9CF4000FA8464 /* Custom Fonts */,
				166D959A28E9B0ED00FA8464 /* OnboardingTest */,
				166D959928E9B0ED00FA8464 /* Products */,
			);
			sourceTree = "<group>";
		};
		166D959928E9B0ED00FA8464 /* Products */ = {
			isa = PBXGroup;
			children = (
				166D959828E9B0ED00FA8464 /* OnboardingTest.app */,
			);
			name = Products;
			sourceTree = "<group>";
		};
		166D959A28E9B0ED00FA8464 /* OnboardingTest */ = {
			isa = PBXGroup;
			children = (
				166D959B28E9B0ED00FA8464 /* OnboardingTestApp.swift */,
				166D959D28E9B0ED00FA8464 /* ContentView.swift */,
				167AFC8328EC5E170085D18E /* CloudAnimationExtention.swift */,
				166D95B128EAF6B300FA8464 /* Second Screen.swift */,
				166D95B328EAFCB100FA8464 /* Third Screen.swift */,
				166D959F28E9B0EF00FA8464 /* Assets.xcassets */,
				166D95A128E9B0EF00FA8464 /* Preview Content */,
			);
			path = OnboardingTest;
			sourceTree = "<group>";
		};
		166D95A128E9B0EF00FA8464 /* Preview Content */ = {
			isa = PBXGroup;
			children = (
				166D95A228E9B0EF00FA8464 /* Preview Assets.xcassets */,
			);
			path = "Preview Content";
			sourceTree = "<group>";
		};
		166D95B028E9CF4000FA8464 /* Custom Fonts */ = {
			isa = PBXGroup;
			children = (
				166D95AC28E9CF2C00FA8464 /* Quicksand-Regular.ttf */,
				166D95AD28E9CF2C00FA8464 /* Quicksand-Bold.ttf */,
				166D95B528EB06F600FA8464 /* Quicksand-Medium.ttf */,
			);
			path = "Custom Fonts";
			sourceTree = "<group>";
		};
/* End PBXGroup section */

/* Begin PBXNativeTarget section */
		166D959728E9B0ED00FA8464 /* OnboardingTest */ = {
			isa = PBXNativeTarget;
			buildConfigurationList = 166D95A628E9B0EF00FA8464 /* Build configuration list for PBXNativeTarget "OnboardingTest" */;
			buildPhases = (
				166D959428E9B0ED00FA8464 /* Sources */,
				166D959528E9B0ED00FA8464 /* Frameworks */,
				166D959628E9B0ED00FA8464 /* Resources */,
			);
			buildRules = (
			);
			dependencies = (
			);
			name = OnboardingTest;
			productName = OnboardingTest;
			productReference = 166D959828E9B0ED00FA8464 /* OnboardingTest.app */;
			productType = "com.apple.product-type.application";
		};
/* End PBXNativeTarget section */

/* Begin PBXProject section */
		166D959028E9B0ED00FA8464 /* Project object */ = {
			isa = PBXProject;
			attributes = {
				BuildIndependentTargetsInParallel = 1;
				LastSwiftUpdateCheck = 1400;
				LastUpgradeCheck = 1400;
				TargetAttributes = {
					166D959728E9B0ED00FA8464 = {
						CreatedOnToolsVersion = 14.0;
					};
				};
			};
			buildConfigurationList = 166D959328E9B0ED00FA8464 /* Build configuration list for PBXProject "OnboardingTest" */;
			compatibilityVersion = "Xcode 14.0";
			developmentRegion = en;
			hasScannedForEncodings = 0;
			knownRegions = (
				en,
				Base,
			);
			mainGroup = 166D958F28E9B0ED00FA8464;
			productRefGroup = 166D959928E9B0ED00FA8464 /* Products */;
			projectDirPath = "";
			projectRoot = "";
			targets = (
				166D959728E9B0ED00FA8464 /* OnboardingTest */,
			);
		};
/* End PBXProject section */

/* Begin PBXResourcesBuildPhase section */
		166D959628E9B0ED00FA8464 /* Resources */ = {
			isa = PBXResourcesBuildPhase;
			buildActionMask = 2147483647;
			files = (
				166D95A328E9B0EF00FA8464 /* Preview Assets.xcassets in Resources */,
				166D95AE28E9CF2C00FA8464 /* Quicksand-Regular.ttf in Resources */,
				166D95A028E9B0EF00FA8464 /* Assets.xcassets in Resources */,
				166D95AF28E9CF2C00FA8464 /* Quicksand-Bold.ttf in Resources */,
			);
			runOnlyForDeploymentPostprocessing = 0;
		};
/* End PBXResourcesBuildPhase section */

/* Begin PBXSourcesBuildPhase section */
		166D959428E9B0ED00FA8464 /* Sources */ = {
			isa = PBXSourcesBuildPhase;
			buildActionMask = 2147483647;
			files = (
				167AFC8428EC5E170085D18E /* CloudAnimationExtention.swift in Sources */,
				166D95B428EAFCB100FA8464 /* Third Screen.swift in Sources */,
				166D959E28E9B0ED00FA8464 /* ContentView.swift in Sources */,
				166D95B228EAF6B300FA8464 /* Second Screen.swift in Sources */,
				166D959C28E9B0ED00FA8464 /* OnboardingTestApp.swift in Sources */,
			);
			runOnlyForDeploymentPostprocessing = 0;
		};
/* End PBXSourcesBuildPhase section */

/* Begin XCBuildConfiguration section */
		166D95A428E9B0EF00FA8464 /* Debug */ = {
			isa = XCBuildConfiguration;
			buildSettings = {
				ALWAYS_SEARCH_USER_PATHS = NO;
				CLANG_ANALYZER_NONNULL = YES;
				CLANG_ANALYZER_NUMBER_OBJECT_CONVERSION = YES_AGGRESSIVE;
				CLANG_CXX_LANGUAGE_STANDARD = "gnu++20";
				CLANG_ENABLE_MODULES = YES;
				CLANG_ENABLE_OBJC_ARC = YES;
				CLANG_ENABLE_OBJC_WEAK = YES;
				CLANG_WARN_BLOCK_CAPTURE_AUTORELEASING = YES;
				CLANG_WARN_BOOL_CONVERSION = YES;
				CLANG_WARN_COMMA = YES;
				CLANG_WARN_CONSTANT_CONVERSION = YES;
				CLANG_WARN_DEPRECATED_OBJC_IMPLEMENTATIONS = YES;
				CLANG_WARN_DIRECT_OBJC_ISA_USAGE = YES_ERROR;
				CLANG_WARN_DOCUMENTATION_COMMENTS = YES;
				CLANG_WARN_EMPTY_BODY = YES;
				CLANG_WARN_ENUM_CONVERSION = YES;
				CLANG_WARN_INFINITE_RECURSION = YES;
				CLANG_WARN_INT_CONVERSION = YES;
				CLANG_WARN_NON_LITERAL_NULL_CONVERSION = YES;
				CLANG_WARN_OBJC_IMPLICIT_RETAIN_SELF = YES;
				CLANG_WARN_OBJC_LITERAL_CONVERSION = YES;
				CLANG_WARN_OBJC_ROOT_CLASS = YES_ERROR;
				CLANG_WARN_QUOTED_INCLUDE_IN_FRAMEWORK_HEADER = YES;
				CLANG_WARN_RANGE_LOOP_ANALYSIS = YES;
				CLANG_WARN_STRICT_PROTOTYPES = YES;
				CLANG_WARN_SUSPICIOUS_MOVE = YES;
				CLANG_WARN_UNGUARDED_AVAILABILITY = YES_AGGRESSIVE;
				CLANG_WARN_UNREACHABLE_CODE = YES;
				CLANG_WARN__DUPLICATE_METHOD_MATCH = YES;
				COPY_PHASE_STRIP = NO;
				DEBUG_INFORMATION_FORMAT = dwarf;
				ENABLE_STRICT_OBJC_MSGSEND = YES;
				ENABLE_TESTABILITY = YES;
				GCC_C_LANGUAGE_STANDARD = gnu11;
				GCC_DYNAMIC_NO_PIC = NO;
				GCC_NO_COMMON_BLOCKS = YES;
				GCC_OPTIMIZATION_LEVEL = 0;
				GCC_PREPROCESSOR_DEFINITIONS = (
					"DEBUG=1",
					"$(inherited)",
				);
				GCC_WARN_64_TO_32_BIT_CONVERSION = YES;
				GCC_WARN_ABOUT_RETURN_TYPE = YES_ERROR;
				GCC_WARN_UNDECLARED_SELECTOR = YES;
				GCC_WARN_UNINITIALIZED_AUTOS = YES_AGGRESSIVE;
				GCC_WARN_UNUSED_FUNCTION = YES;
				GCC_WARN_UNUSED_VARIABLE = YES;
				IPHONEOS_DEPLOYMENT_TARGET = 16.0;
				MTL_ENABLE_DEBUG_INFO = INCLUDE_SOURCE;
				MTL_FAST_MATH = YES;
				ONLY_ACTIVE_ARCH = YES;
				SDKROOT = iphoneos;
				SWIFT_ACTIVE_COMPILATION_CONDITIONS = DEBUG;
				SWIFT_OPTIMIZATION_LEVEL = "-Onone";
			};
			name = Debug;
		};
		166D95A528E9B0EF00FA8464 /* Release */ = {
			isa = XCBuildConfiguration;
			buildSettings = {
				ALWAYS_SEARCH_USER_PATHS = NO;
				CLANG_ANALYZER_NONNULL = YES;
				CLANG_ANALYZER_NUMBER_OBJECT_CONVERSION = YES_AGGRESSIVE;
				CLANG_CXX_LANGUAGE_STANDARD = "gnu++20";
				CLANG_ENABLE_MODULES = YES;
				CLANG_ENABLE_OBJC_ARC = YES;
				CLANG_ENABLE_OBJC_WEAK = YES;
				CLANG_WARN_BLOCK_CAPTURE_AUTORELEASING = YES;
				CLANG_WARN_BOOL_CONVERSION = YES;
				CLANG_WARN_COMMA = YES;
				CLANG_WARN_CONSTANT_CONVERSION = YES;
				CLANG_WARN_DEPRECATED_OBJC_IMPLEMENTATIONS = YES;
				CLANG_WARN_DIRECT_OBJC_ISA_USAGE = YES_ERROR;
				CLANG_WARN_DOCUMENTATION_COMMENTS = YES;
				CLANG_WARN_EMPTY_BODY = YES;
				CLANG_WARN_ENUM_CONVERSION = YES;
				CLANG_WARN_INFINITE_RECURSION = YES;
				CLANG_WARN_INT_CONVERSION = YES;
				CLANG_WARN_NON_LITERAL_NULL_CONVERSION = YES;
				CLANG_WARN_OBJC_IMPLICIT_RETAIN_SELF = YES;
				CLANG_WARN_OBJC_LITERAL_CONVERSION = YES;
				CLANG_WARN_OBJC_ROOT_CLASS = YES_ERROR;
				CLANG_WARN_QUOTED_INCLUDE_IN_FRAMEWORK_HEADER = YES;
				CLANG_WARN_RANGE_LOOP_ANALYSIS = YES;
				CLANG_WARN_STRICT_PROTOTYPES = YES;
				CLANG_WARN_SUSPICIOUS_MOVE = YES;
				CLANG_WARN_UNGUARDED_AVAILABILITY = YES_AGGRESSIVE;
				CLANG_WARN_UNREACHABLE_CODE = YES;
				CLANG_WARN__DUPLICATE_METHOD_MATCH = YES;
				COPY_PHASE_STRIP = NO;
				DEBUG_INFORMATION_FORMAT = "dwarf-with-dsym";
				ENABLE_NS_ASSERTIONS = NO;
				ENABLE_STRICT_OBJC_MSGSEND = YES;
				GCC_C_LANGUAGE_STANDARD = gnu11;
				GCC_NO_COMMON_BLOCKS = YES;
				GCC_WARN_64_TO_32_BIT_CONVERSION = YES;
				GCC_WARN_ABOUT_RETURN_TYPE = YES_ERROR;
				GCC_WARN_UNDECLARED_SELECTOR = YES;
				GCC_WARN_UNINITIALIZED_AUTOS = YES_AGGRESSIVE;
				GCC_WARN_UNUSED_FUNCTION = YES;
				GCC_WARN_UNUSED_VARIABLE = YES;
				IPHONEOS_DEPLOYMENT_TARGET = 16.0;
				MTL_ENABLE_DEBUG_INFO = NO;
				MTL_FAST_MATH = YES;
				SDKROOT = iphoneos;
				SWIFT_COMPILATION_MODE = wholemodule;
				SWIFT_OPTIMIZATION_LEVEL = "-O";
				VALIDATE_PRODUCT = YES;
			};
			name = Release;
		};
		166D95A728E9B0EF00FA8464 /* Debug */ = {
			isa = XCBuildConfiguration;
			buildSettings = {
				ASSETCATALOG_COMPILER_APPICON_NAME = AppIcon;
				ASSETCATALOG_COMPILER_GLOBAL_ACCENT_COLOR_NAME = AccentColor;
				CODE_SIGN_STYLE = Automatic;
				CURRENT_PROJECT_VERSION = 1;
				DEVELOPMENT_ASSET_PATHS = "\"OnboardingTest/Preview Content\"";
				ENABLE_PREVIEWS = YES;
				GENERATE_INFOPLIST_FILE = YES;
				INFOPLIST_FILE = OnboardingTest/Info.plist;
				INFOPLIST_KEY_UIApplicationSceneManifest_Generation = YES;
				INFOPLIST_KEY_UIApplicationSupportsIndirectInputEvents = YES;
				INFOPLIST_KEY_UILaunchScreen_Generation = YES;
				INFOPLIST_KEY_UISupportedInterfaceOrientations_iPad = "UIInterfaceOrientationPortrait UIInterfaceOrientationPortraitUpsideDown UIInterfaceOrientationLandscapeLeft UIInterfaceOrientationLandscapeRight";
				INFOPLIST_KEY_UISupportedInterfaceOrientations_iPhone = "UIInterfaceOrientationPortrait UIInterfaceOrientationLandscapeLeft UIInterfaceOrientationLandscapeRight";
				LD_RUNPATH_SEARCH_PATHS = (
					"$(inherited)",
					"@executable_path/Frameworks",
				);
				MARKETING_VERSION = 1.0;
				PRODUCT_BUNDLE_IDENTIFIER = com.ahmedsaeed.OnboardingTest;
				PRODUCT_NAME = "$(TARGET_NAME)";
				SWIFT_EMIT_LOC_STRINGS = YES;
				SWIFT_VERSION = 5.0;
				TARGETED_DEVICE_FAMILY = "1,2";
			};
			name = Debug;
		};
		166D95A828E9B0EF00FA8464 /* Release */ = {
			isa = XCBuildConfiguration;
			buildSettings = {
				ASSETCATALOG_COMPILER_APPICON_NAME = AppIcon;
				ASSETCATALOG_COMPILER_GLOBAL_ACCENT_COLOR_NAME = AccentColor;
				CODE_SIGN_STYLE = Automatic;
				CURRENT_PROJECT_VERSION = 1;
				DEVELOPMENT_ASSET_PATHS = "\"OnboardingTest/Preview Content\"";
				ENABLE_PREVIEWS = YES;
				GENERATE_INFOPLIST_FILE = YES;
				INFOPLIST_FILE = OnboardingTest/Info.plist;
				INFOPLIST_KEY_UIApplicationSceneManifest_Generation = YES;
				INFOPLIST_KEY_UIApplicationSupportsIndirectInputEvents = YES;
				INFOPLIST_KEY_UILaunchScreen_Generation = YES;
				INFOPLIST_KEY_UISupportedInterfaceOrientations_iPad = "UIInterfaceOrientationPortrait UIInterfaceOrientationPortraitUpsideDown UIInterfaceOrientationLandscapeLeft UIInterfaceOrientationLandscapeRight";
				INFOPLIST_KEY_UISupportedInterfaceOrientations_iPhone = "UIInterfaceOrientationPortrait UIInterfaceOrientationLandscapeLeft UIInterfaceOrientationLandscapeRight";
				LD_RUNPATH_SEARCH_PATHS = (
					"$(inherited)",
					"@executable_path/Frameworks",
				);
				MARKETING_VERSION = 1.0;
				PRODUCT_BUNDLE_IDENTIFIER = com.ahmedsaeed.OnboardingTest;
				PRODUCT_NAME = "$(TARGET_NAME)";
				SWIFT_EMIT_LOC_STRINGS = YES;
				SWIFT_VERSION = 5.0;
				TARGETED_DEVICE_FAMILY = "1,2";
			};
			name = Release;
		};
/* End XCBuildConfiguration section */

/* Begin XCConfigurationList section */
		166D959328E9B0ED00FA8464 /* Build configuration list for PBXProject "OnboardingTest" */ = {
			isa = XCConfigurationList;
			buildConfigurations = (
				166D95A428E9B0EF00FA8464 /* Debug */,
				166D95A528E9B0EF00FA8464 /* Release */,
			);
			defaultConfigurationIsVisible = 0;
			defaultConfigurationName = Release;
		};
		166D95A628E9B0EF00FA8464 /* Build configuration list for PBXNativeTarget "OnboardingTest" */ = {
			isa = XCConfigurationList;
			buildConfigurations = (
				166D95A728E9B0EF00FA8464 /* Debug */,
				166D95A828E9B0EF00FA8464 /* Release */,
			);
			defaultConfigurationIsVisible = 0;
			defaultConfigurationName = Release;
		};
/* End XCConfigurationList section */
	};
	rootObject = 166D959028E9B0ED00FA8464 /* Project object */;
}
